
Microsoft Visual Studio Solution File, Format Version 12.00
# Visual Studio Version 17
VisualStudioVersion = 17.5.001.0
MinimumVisualStudioVersion = 10.0.40219.1
Project("{9A19103F-16F7-4668-BE54-9A1E7A4F7556}") = "BeeCrowd", "BeeCrowd.csproj", "{9092822C-1FA1-408A-BA02-64593BD01FEF}"
EndProject
Global
	GlobalSection(SolutionConfigurationPlatforms) = preSolution
		Debug|Any CPU = Debug|Any CPU
		Release|Any CPU = Release|Any CPU
	EndGlobalSection
	GlobalSection(ProjectConfigurationPlatforms) = postSolution
		{9092822C-1FA1-408A-BA02-64593BD01FEF}.Debug|Any CPU.ActiveCfg = Debug|Any CPU
		{9092822C-1FA1-408A-BA02-64593BD01FEF}.Debug|Any CPU.Build.0 = Debug|Any CPU
		{9092822C-1FA1-408A-BA02-64593BD01FEF}.Release|Any CPU.ActiveCfg = Release|Any CPU
		{9092822C-1FA1-408A-BA02-64593BD01FEF}.Release|Any CPU.Build.0 = Release|Any CPU
	EndGlobalSection
	GlobalSection(SolutionProperties) = preSolution
		HideSolutionNode = FALSE
	EndGlobalSection
	GlobalSection(ExtensibilityGlobals) = postSolution
		SolutionGuid = {EC799A18-A1A0-4207-9077-A54C9CCD1E54}
	EndGlobalSection
EndGlobal
